// !$*UTF8*$!
{
	archiveVersion = 1;
	classes = {
	};
	objectVersion = 56;
	objects = {

/* Begin PBXBuildFile section */
		5531F92D29C0F319004B1204 /* IngestSource.swift in Sources */ = {isa = PBXBuildFile; fileRef = 5531F90D29C0F318004B1204 /* IngestSource.swift */; };
		5531F92F29C0F319004B1204 /* RelationshipInfo.swift in Sources */ = {isa = PBXBuildFile; fileRef = 5531F90F29C0F318004B1204 /* RelationshipInfo.swift */; };
		5531F93029C0F319004B1204 /* Migration.swift in Sources */ = {isa = PBXBuildFile; fileRef = 5531F91029C0F318004B1204 /* Migration.swift */; };
		5531F93129C0F319004B1204 /* IngestFormat.swift in Sources */ = {isa = PBXBuildFile; fileRef = 5531F91129C0F318004B1204 /* IngestFormat.swift */; };
		5531F93229C0F319004B1204 /* IngestMethod.swift in Sources */ = {isa = PBXBuildFile; fileRef = 5531F91229C0F318004B1204 /* IngestMethod.swift */; };
		5531F93329C0F319004B1204 /* MaybeExpressibleByStringLiteral.swift in Sources */ = {isa = PBXBuildFile; fileRef = 5531F91329C0F318004B1204 /* MaybeExpressibleByStringLiteral.swift */; };
		5531F93529C0F319004B1204 /* DataStore.swift in Sources */ = {isa = PBXBuildFile; fileRef = 5531F91529C0F318004B1204 /* DataStore.swift */; };
		5531F93629C0F319004B1204 /* Entity.swift in Sources */ = {isa = PBXBuildFile; fileRef = 5531F91629C0F318004B1204 /* Entity.swift */; };
		5531F93729C0F319004B1204 /* Exception.swift in Sources */ = {isa = PBXBuildFile; fileRef = 5531F91729C0F318004B1204 /* Exception.swift */; };
		5531F93829C0F319004B1204 /* Schema.swift in Sources */ = {isa = PBXBuildFile; fileRef = 5531F91829C0F318004B1204 /* Schema.swift */; };
		5531F93929C0F319004B1204 /* ClassInfo.swift in Sources */ = {isa = PBXBuildFile; fileRef = 5531F91929C0F318004B1204 /* ClassInfo.swift */; };
		5531F93A29C0F319004B1204 /* AttributeInfo.swift in Sources */ = {isa = PBXBuildFile; fileRef = 5531F91A29C0F318004B1204 /* AttributeInfo.swift */; };
		5531F93B29C0F319004B1204 /* StorableAsData.swift in Sources */ = {isa = PBXBuildFile; fileRef = 5531F91B29C0F318004B1204 /* StorableAsData.swift */; };
		5531F93C29C0F319004B1204 /* Boxed.swift in Sources */ = {isa = PBXBuildFile; fileRef = 5531F91C29C0F318004B1204 /* Boxed.swift */; };
		5531F93D29C0F319004B1204 /* Ingestible.swift in Sources */ = {isa = PBXBuildFile; fileRef = 5531F91D29C0F318004B1204 /* Ingestible.swift */; };
		5531F93E29C0F319004B1204 /* Nullable.swift in Sources */ = {isa = PBXBuildFile; fileRef = 5531F91E29C0F318004B1204 /* Nullable.swift */; };
		5531F93F29C0F319004B1204 /* StorageType.swift in Sources */ = {isa = PBXBuildFile; fileRef = 5531F91F29C0F318004B1204 /* StorageType.swift */; };
		5531F94029C0F319004B1204 /* EntityIngestMethod.swift in Sources */ = {isa = PBXBuildFile; fileRef = 5531F92029C0F318004B1204 /* EntityIngestMethod.swift */; };
		5531F94129C0F319004B1204 /* BoxedValueTransformer.swift in Sources */ = {isa = PBXBuildFile; fileRef = 5531F92129C0F318004B1204 /* BoxedValueTransformer.swift */; };
		5531F94229C0F319004B1204 /* Diffable.swift in Sources */ = {isa = PBXBuildFile; fileRef = 5531F92229C0F318004B1204 /* Diffable.swift */; };
		5531F94329C0F319004B1204 /* IngestObject.swift in Sources */ = {isa = PBXBuildFile; fileRef = 5531F92329C0F318004B1204 /* IngestObject.swift */; };
		5531F94429C0F319004B1204 /* FetchedPropertyInfo.swift in Sources */ = {isa = PBXBuildFile; fileRef = 5531F92429C0F318004B1204 /* FetchedPropertyInfo.swift */; };
		5531F94629C0F319004B1204 /* IngestKey.swift in Sources */ = {isa = PBXBuildFile; fileRef = 5531F92629C0F318004B1204 /* IngestKey.swift */; };
		5531F94729C0F319004B1204 /* ClassTree.swift in Sources */ = {isa = PBXBuildFile; fileRef = 5531F92729C0F318004B1204 /* ClassTree.swift */; };
		5531F94829C0F319004B1204 /* EntityInfo.swift in Sources */ = {isa = PBXBuildFile; fileRef = 5531F92829C0F318004B1204 /* EntityInfo.swift */; };
		5531F94929C0F319004B1204 /* ManagedPropertyWrapper.swift in Sources */ = {isa = PBXBuildFile; fileRef = 5531F92929C0F319004B1204 /* ManagedPropertyWrapper.swift */; };
		5531F94A29C0F319004B1204 /* PropertyInfo.swift in Sources */ = {isa = PBXBuildFile; fileRef = 5531F92A29C0F319004B1204 /* PropertyInfo.swift */; };
		5531F94B29C0F319004B1204 /* Storable.swift in Sources */ = {isa = PBXBuildFile; fileRef = 5531F92B29C0F319004B1204 /* Storable.swift */; };
		5531F95829C0F324004B1204 /* Dictionary-ext.swift in Sources */ = {isa = PBXBuildFile; fileRef = 5531F94C29C0F324004B1204 /* Dictionary-ext.swift */; };
		5531F95929C0F324004B1204 /* NSManagedObject-ext.swift in Sources */ = {isa = PBXBuildFile; fileRef = 5531F94D29C0F324004B1204 /* NSManagedObject-ext.swift */; };
		5531F95A29C0F324004B1204 /* Bundle-ext.swift in Sources */ = {isa = PBXBuildFile; fileRef = 5531F94E29C0F324004B1204 /* Bundle-ext.swift */; };
		5531F95B29C0F324004B1204 /* NSManagedObjectModel-ext.swift in Sources */ = {isa = PBXBuildFile; fileRef = 5531F94F29C0F324004B1204 /* NSManagedObjectModel-ext.swift */; };
		5531F95C29C0F324004B1204 /* ClosedRange-ext.swift in Sources */ = {isa = PBXBuildFile; fileRef = 5531F95029C0F324004B1204 /* ClosedRange-ext.swift */; };
		5531F95D29C0F324004B1204 /* JSONSerialization-ext.swift in Sources */ = {isa = PBXBuildFile; fileRef = 5531F95129C0F324004B1204 /* JSONSerialization-ext.swift */; };
		5531F95E29C0F324004B1204 /* NSRelationshipDescription-ext.swift in Sources */ = {isa = PBXBuildFile; fileRef = 5531F95229C0F324004B1204 /* NSRelationshipDescription-ext.swift */; };
		5531F95F29C0F324004B1204 /* NSValueTransformerName-ext.swift in Sources */ = {isa = PBXBuildFile; fileRef = 5531F95329C0F324004B1204 /* NSValueTransformerName-ext.swift */; };
		5531F96029C0F324004B1204 /* String-ext.swift in Sources */ = {isa = PBXBuildFile; fileRef = 5531F95429C0F324004B1204 /* String-ext.swift */; };
		5531F96129C0F324004B1204 /* NSDeleteRule-ext.swift in Sources */ = {isa = PBXBuildFile; fileRef = 5531F95529C0F324004B1204 /* NSDeleteRule-ext.swift */; };
		5531F96229C0F324004B1204 /* utilities.swift in Sources */ = {isa = PBXBuildFile; fileRef = 5531F95629C0F324004B1204 /* utilities.swift */; };
		5531F96329C0F324004B1204 /* NSManagedObjectContext-ext.swift in Sources */ = {isa = PBXBuildFile; fileRef = 5531F95729C0F324004B1204 /* NSManagedObjectContext-ext.swift */; };
		5531F97829C0F5CF004B1204 /* Utilities in Resources */ = {isa = PBXBuildFile; fileRef = 5531F96C29C0F5CF004B1204 /* Utilities */; };
		5531F98129C0F7D5004B1204 /* BasicTest.swift in Sources */ = {isa = PBXBuildFile; fileRef = 5531F98029C0F7D5004B1204 /* BasicTest.swift */; };
		5531F98429C0F866004B1204 /* definitions.swift in Sources */ = {isa = PBXBuildFile; fileRef = 5531F98329C0F866004B1204 /* definitions.swift */; };
		55DF58AB29C0DD5B005AB19D /* Storable.framework in Frameworks */ = {isa = PBXBuildFile; fileRef = 55DF58A029C0DD5B005AB19D /* Storable.framework */; };
		55DF58D529C0E02C005AB19D /* StoredPropertyInfo.swift in Sources */ = {isa = PBXBuildFile; fileRef = 55DF58D429C0E02C005AB19D /* StoredPropertyInfo.swift */; };
		55DF58D729C0E041005AB19D /* EntityMacro.swift in Sources */ = {isa = PBXBuildFile; fileRef = 55DF58D629C0E041005AB19D /* EntityMacro.swift */; };
		55DF58D929C0E04A005AB19D /* AttributeMacro.swift in Sources */ = {isa = PBXBuildFile; fileRef = 55DF58D829C0E04A005AB19D /* AttributeMacro.swift */; };
		55F42F7129C0E29B00AB5EBC /* libStorableMacros.dylib in Frameworks */ = {isa = PBXBuildFile; fileRef = 55DF58CB29C0DFE3005AB19D /* libStorableMacros.dylib */; };
		55F42F7229C0E29B00AB5EBC /* libStorableMacros.dylib in Embed Libraries */ = {isa = PBXBuildFile; fileRef = 55DF58CB29C0DFE3005AB19D /* libStorableMacros.dylib */; settings = {ATTRIBUTES = (CodeSignOnCopy, ); }; };
/* End PBXBuildFile section */

/* Begin PBXContainerItemProxy section */
		55DF58AC29C0DD5B005AB19D /* PBXContainerItemProxy */ = {
			isa = PBXContainerItemProxy;
			containerPortal = 55DF589729C0DD5B005AB19D /* Project object */;
			proxyType = 1;
			remoteGlobalIDString = 55DF589F29C0DD5B005AB19D;
			remoteInfo = Storable;
		};
		55F42F6E29C0E28C00AB5EBC /* PBXContainerItemProxy */ = {
			isa = PBXContainerItemProxy;
			containerPortal = 55DF589729C0DD5B005AB19D /* Project object */;
			proxyType = 1;
			remoteGlobalIDString = 55DF58CA29C0DFE3005AB19D;
			remoteInfo = StorableMacros;
		};
		55F42F7329C0E29B00AB5EBC /* PBXContainerItemProxy */ = {
			isa = PBXContainerItemProxy;
			containerPortal = 55DF589729C0DD5B005AB19D /* Project object */;
			proxyType = 1;
			remoteGlobalIDString = 55DF58CA29C0DFE3005AB19D;
			remoteInfo = StorableMacros;
		};
/* End PBXContainerItemProxy section */

/* Begin PBXCopyFilesBuildPhase section */
		55F42F7529C0E29B00AB5EBC /* Embed Libraries */ = {
			isa = PBXCopyFilesBuildPhase;
			buildActionMask = 2147483647;
			dstPath = "";
			dstSubfolderSpec = 10;
			files = (
				55F42F7229C0E29B00AB5EBC /* libStorableMacros.dylib in Embed Libraries */,
			);
			name = "Embed Libraries";
			runOnlyForDeploymentPostprocessing = 0;
		};
/* End PBXCopyFilesBuildPhase section */

/* Begin PBXFileReference section */
		5531F90C29C0F318004B1204 /* Relationship.swift */ = {isa = PBXFileReference; fileEncoding = 4; lastKnownFileType = sourcecode.swift; path = Relationship.swift; sourceTree = "<group>"; };
		5531F90D29C0F318004B1204 /* IngestSource.swift */ = {isa = PBXFileReference; fileEncoding = 4; lastKnownFileType = sourcecode.swift; path = IngestSource.swift; sourceTree = "<group>"; };
		5531F90E29C0F318004B1204 /* FetchedProperty.swift */ = {isa = PBXFileReference; fileEncoding = 4; lastKnownFileType = sourcecode.swift; path = FetchedProperty.swift; sourceTree = "<group>"; };
		5531F90F29C0F318004B1204 /* RelationshipInfo.swift */ = {isa = PBXFileReference; fileEncoding = 4; lastKnownFileType = sourcecode.swift; path = RelationshipInfo.swift; sourceTree = "<group>"; };
		5531F91029C0F318004B1204 /* Migration.swift */ = {isa = PBXFileReference; fileEncoding = 4; lastKnownFileType = sourcecode.swift; path = Migration.swift; sourceTree = "<group>"; };
		5531F91129C0F318004B1204 /* IngestFormat.swift */ = {isa = PBXFileReference; fileEncoding = 4; lastKnownFileType = sourcecode.swift; path = IngestFormat.swift; sourceTree = "<group>"; };
		5531F91229C0F318004B1204 /* IngestMethod.swift */ = {isa = PBXFileReference; fileEncoding = 4; lastKnownFileType = sourcecode.swift; path = IngestMethod.swift; sourceTree = "<group>"; };
		5531F91329C0F318004B1204 /* MaybeExpressibleByStringLiteral.swift */ = {isa = PBXFileReference; fileEncoding = 4; lastKnownFileType = sourcecode.swift; path = MaybeExpressibleByStringLiteral.swift; sourceTree = "<group>"; };
		5531F91429C0F318004B1204 /* Attribute.swift */ = {isa = PBXFileReference; fileEncoding = 4; lastKnownFileType = sourcecode.swift; path = Attribute.swift; sourceTree = "<group>"; };
		5531F91529C0F318004B1204 /* DataStore.swift */ = {isa = PBXFileReference; fileEncoding = 4; lastKnownFileType = sourcecode.swift; path = DataStore.swift; sourceTree = "<group>"; };
		5531F91629C0F318004B1204 /* Entity.swift */ = {isa = PBXFileReference; fileEncoding = 4; lastKnownFileType = sourcecode.swift; path = Entity.swift; sourceTree = "<group>"; };
		5531F91729C0F318004B1204 /* Exception.swift */ = {isa = PBXFileReference; fileEncoding = 4; lastKnownFileType = sourcecode.swift; path = Exception.swift; sourceTree = "<group>"; };
		5531F91829C0F318004B1204 /* Schema.swift */ = {isa = PBXFileReference; fileEncoding = 4; lastKnownFileType = sourcecode.swift; path = Schema.swift; sourceTree = "<group>"; };
		5531F91929C0F318004B1204 /* ClassInfo.swift */ = {isa = PBXFileReference; fileEncoding = 4; lastKnownFileType = sourcecode.swift; path = ClassInfo.swift; sourceTree = "<group>"; };
		5531F91A29C0F318004B1204 /* AttributeInfo.swift */ = {isa = PBXFileReference; fileEncoding = 4; lastKnownFileType = sourcecode.swift; path = AttributeInfo.swift; sourceTree = "<group>"; };
		5531F91B29C0F318004B1204 /* StorableAsData.swift */ = {isa = PBXFileReference; fileEncoding = 4; lastKnownFileType = sourcecode.swift; path = StorableAsData.swift; sourceTree = "<group>"; };
		5531F91C29C0F318004B1204 /* Boxed.swift */ = {isa = PBXFileReference; fileEncoding = 4; lastKnownFileType = sourcecode.swift; path = Boxed.swift; sourceTree = "<group>"; };
		5531F91D29C0F318004B1204 /* Ingestible.swift */ = {isa = PBXFileReference; fileEncoding = 4; lastKnownFileType = sourcecode.swift; path = Ingestible.swift; sourceTree = "<group>"; };
		5531F91E29C0F318004B1204 /* Nullable.swift */ = {isa = PBXFileReference; fileEncoding = 4; lastKnownFileType = sourcecode.swift; path = Nullable.swift; sourceTree = "<group>"; };
		5531F91F29C0F318004B1204 /* StorageType.swift */ = {isa = PBXFileReference; fileEncoding = 4; lastKnownFileType = sourcecode.swift; path = StorageType.swift; sourceTree = "<group>"; };
		5531F92029C0F318004B1204 /* EntityIngestMethod.swift */ = {isa = PBXFileReference; fileEncoding = 4; lastKnownFileType = sourcecode.swift; path = EntityIngestMethod.swift; sourceTree = "<group>"; };
		5531F92129C0F318004B1204 /* BoxedValueTransformer.swift */ = {isa = PBXFileReference; fileEncoding = 4; lastKnownFileType = sourcecode.swift; path = BoxedValueTransformer.swift; sourceTree = "<group>"; };
		5531F92229C0F318004B1204 /* Diffable.swift */ = {isa = PBXFileReference; fileEncoding = 4; lastKnownFileType = sourcecode.swift; path = Diffable.swift; sourceTree = "<group>"; };
		5531F92329C0F318004B1204 /* IngestObject.swift */ = {isa = PBXFileReference; fileEncoding = 4; lastKnownFileType = sourcecode.swift; path = IngestObject.swift; sourceTree = "<group>"; };
		5531F92429C0F318004B1204 /* FetchedPropertyInfo.swift */ = {isa = PBXFileReference; fileEncoding = 4; lastKnownFileType = sourcecode.swift; path = FetchedPropertyInfo.swift; sourceTree = "<group>"; };
		5531F92529C0F318004B1204 /* OptionalAttribute.swift */ = {isa = PBXFileReference; fileEncoding = 4; lastKnownFileType = sourcecode.swift; path = OptionalAttribute.swift; sourceTree = "<group>"; };
		5531F92629C0F318004B1204 /* IngestKey.swift */ = {isa = PBXFileReference; fileEncoding = 4; lastKnownFileType = sourcecode.swift; path = IngestKey.swift; sourceTree = "<group>"; };
		5531F92729C0F318004B1204 /* ClassTree.swift */ = {isa = PBXFileReference; fileEncoding = 4; lastKnownFileType = sourcecode.swift; path = ClassTree.swift; sourceTree = "<group>"; };
		5531F92829C0F318004B1204 /* EntityInfo.swift */ = {isa = PBXFileReference; fileEncoding = 4; lastKnownFileType = sourcecode.swift; path = EntityInfo.swift; sourceTree = "<group>"; };
		5531F92929C0F319004B1204 /* ManagedPropertyWrapper.swift */ = {isa = PBXFileReference; fileEncoding = 4; lastKnownFileType = sourcecode.swift; path = ManagedPropertyWrapper.swift; sourceTree = "<group>"; };
		5531F92A29C0F319004B1204 /* PropertyInfo.swift */ = {isa = PBXFileReference; fileEncoding = 4; lastKnownFileType = sourcecode.swift; path = PropertyInfo.swift; sourceTree = "<group>"; };
		5531F92B29C0F319004B1204 /* Storable.swift */ = {isa = PBXFileReference; fileEncoding = 4; lastKnownFileType = sourcecode.swift; path = Storable.swift; sourceTree = "<group>"; };
		5531F94C29C0F324004B1204 /* Dictionary-ext.swift */ = {isa = PBXFileReference; fileEncoding = 4; lastKnownFileType = sourcecode.swift; path = "Dictionary-ext.swift"; sourceTree = "<group>"; };
		5531F94D29C0F324004B1204 /* NSManagedObject-ext.swift */ = {isa = PBXFileReference; fileEncoding = 4; lastKnownFileType = sourcecode.swift; path = "NSManagedObject-ext.swift"; sourceTree = "<group>"; };
		5531F94E29C0F324004B1204 /* Bundle-ext.swift */ = {isa = PBXFileReference; fileEncoding = 4; lastKnownFileType = sourcecode.swift; path = "Bundle-ext.swift"; sourceTree = "<group>"; };
		5531F94F29C0F324004B1204 /* NSManagedObjectModel-ext.swift */ = {isa = PBXFileReference; fileEncoding = 4; lastKnownFileType = sourcecode.swift; path = "NSManagedObjectModel-ext.swift"; sourceTree = "<group>"; };
		5531F95029C0F324004B1204 /* ClosedRange-ext.swift */ = {isa = PBXFileReference; fileEncoding = 4; lastKnownFileType = sourcecode.swift; path = "ClosedRange-ext.swift"; sourceTree = "<group>"; };
		5531F95129C0F324004B1204 /* JSONSerialization-ext.swift */ = {isa = PBXFileReference; fileEncoding = 4; lastKnownFileType = sourcecode.swift; path = "JSONSerialization-ext.swift"; sourceTree = "<group>"; };
		5531F95229C0F324004B1204 /* NSRelationshipDescription-ext.swift */ = {isa = PBXFileReference; fileEncoding = 4; lastKnownFileType = sourcecode.swift; path = "NSRelationshipDescription-ext.swift"; sourceTree = "<group>"; };
		5531F95329C0F324004B1204 /* NSValueTransformerName-ext.swift */ = {isa = PBXFileReference; fileEncoding = 4; lastKnownFileType = sourcecode.swift; path = "NSValueTransformerName-ext.swift"; sourceTree = "<group>"; };
		5531F95429C0F324004B1204 /* String-ext.swift */ = {isa = PBXFileReference; fileEncoding = 4; lastKnownFileType = sourcecode.swift; path = "String-ext.swift"; sourceTree = "<group>"; };
		5531F95529C0F324004B1204 /* NSDeleteRule-ext.swift */ = {isa = PBXFileReference; fileEncoding = 4; lastKnownFileType = sourcecode.swift; path = "NSDeleteRule-ext.swift"; sourceTree = "<group>"; };
		5531F95629C0F324004B1204 /* utilities.swift */ = {isa = PBXFileReference; fileEncoding = 4; lastKnownFileType = sourcecode.swift; path = utilities.swift; sourceTree = "<group>"; };
		5531F95729C0F324004B1204 /* NSManagedObjectContext-ext.swift */ = {isa = PBXFileReference; fileEncoding = 4; lastKnownFileType = sourcecode.swift; path = "NSManagedObjectContext-ext.swift"; sourceTree = "<group>"; };
		5531F96629C0F5CF004B1204 /* CodableTests.swift */ = {isa = PBXFileReference; fileEncoding = 4; lastKnownFileType = sourcecode.swift; path = CodableTests.swift; sourceTree = "<group>"; };
		5531F96729C0F5CF004B1204 /* MigrationTests.swift */ = {isa = PBXFileReference; fileEncoding = 4; lastKnownFileType = sourcecode.swift; path = MigrationTests.swift; sourceTree = "<group>"; };
		5531F96829C0F5CF004B1204 /* FetchedTests.swift */ = {isa = PBXFileReference; fileEncoding = 4; lastKnownFileType = sourcecode.swift; path = FetchedTests.swift; sourceTree = "<group>"; };
		5531F96929C0F5CF004B1204 /* AttributeTests.swift */ = {isa = PBXFileReference; fileEncoding = 4; lastKnownFileType = sourcecode.swift; path = AttributeTests.swift; sourceTree = "<group>"; };
		5531F96A29C0F5CF004B1204 /* CoreDataTests.swift */ = {isa = PBXFileReference; fileEncoding = 4; lastKnownFileType = sourcecode.swift; path = CoreDataTests.swift; sourceTree = "<group>"; };
		5531F96B29C0F5CF004B1204 /* ModelDifferenceTests.swift */ = {isa = PBXFileReference; fileEncoding = 4; lastKnownFileType = sourcecode.swift; path = ModelDifferenceTests.swift; sourceTree = "<group>"; };
		5531F96C29C0F5CF004B1204 /* Utilities */ = {isa = PBXFileReference; lastKnownFileType = folder; path = Utilities; sourceTree = "<group>"; };
		5531F96D29C0F5CF004B1204 /* DiffableTests.swift */ = {isa = PBXFileReference; fileEncoding = 4; lastKnownFileType = sourcecode.swift; path = DiffableTests.swift; sourceTree = "<group>"; };
		5531F96E29C0F5CF004B1204 /* InheritanceTests.swift */ = {isa = PBXFileReference; fileEncoding = 4; lastKnownFileType = sourcecode.swift; path = InheritanceTests.swift; sourceTree = "<group>"; };
		5531F96F29C0F5CF004B1204 /* RelationshipTests.swift */ = {isa = PBXFileReference; fileEncoding = 4; lastKnownFileType = sourcecode.swift; path = RelationshipTests.swift; sourceTree = "<group>"; };
		5531F97029C0F5CF004B1204 /* IngestionTests.swift */ = {isa = PBXFileReference; fileEncoding = 4; lastKnownFileType = sourcecode.swift; path = IngestionTests.swift; sourceTree = "<group>"; };
		5531F97129C0F5CF004B1204 /* ModelIdentityTests.swift */ = {isa = PBXFileReference; fileEncoding = 4; lastKnownFileType = sourcecode.swift; path = ModelIdentityTests.swift; sourceTree = "<group>"; };
		5531F98029C0F7D5004B1204 /* BasicTest.swift */ = {isa = PBXFileReference; lastKnownFileType = sourcecode.swift; path = BasicTest.swift; sourceTree = "<group>"; };
		5531F98329C0F866004B1204 /* definitions.swift */ = {isa = PBXFileReference; lastKnownFileType = sourcecode.swift; path = definitions.swift; sourceTree = "<group>"; };
		55DF58A029C0DD5B005AB19D /* Storable.framework */ = {isa = PBXFileReference; explicitFileType = wrapper.framework; includeInIndex = 0; path = Storable.framework; sourceTree = BUILT_PRODUCTS_DIR; };
		55DF58AA29C0DD5B005AB19D /* StorableTests.xctest */ = {isa = PBXFileReference; explicitFileType = wrapper.cfbundle; includeInIndex = 0; path = StorableTests.xctest; sourceTree = BUILT_PRODUCTS_DIR; };
		55DF58CB29C0DFE3005AB19D /* libStorableMacros.dylib */ = {isa = PBXFileReference; explicitFileType = "compiled.mach-o.dylib"; includeInIndex = 0; path = libStorableMacros.dylib; sourceTree = BUILT_PRODUCTS_DIR; };
		55DF58D429C0E02C005AB19D /* StoredPropertyInfo.swift */ = {isa = PBXFileReference; lastKnownFileType = sourcecode.swift; path = StoredPropertyInfo.swift; sourceTree = "<group>"; };
		55DF58D629C0E041005AB19D /* EntityMacro.swift */ = {isa = PBXFileReference; lastKnownFileType = sourcecode.swift; path = EntityMacro.swift; sourceTree = "<group>"; };
		55DF58D829C0E04A005AB19D /* AttributeMacro.swift */ = {isa = PBXFileReference; lastKnownFileType = sourcecode.swift; path = AttributeMacro.swift; sourceTree = "<group>"; };
/* End PBXFileReference section */

/* Begin PBXFrameworksBuildPhase section */
		55DF589D29C0DD5B005AB19D /* Frameworks */ = {
			isa = PBXFrameworksBuildPhase;
			buildActionMask = 2147483647;
			files = (
				55F42F7129C0E29B00AB5EBC /* libStorableMacros.dylib in Frameworks */,
			);
			runOnlyForDeploymentPostprocessing = 0;
		};
		55DF58A729C0DD5B005AB19D /* Frameworks */ = {
			isa = PBXFrameworksBuildPhase;
			buildActionMask = 2147483647;
			files = (
				55DF58AB29C0DD5B005AB19D /* Storable.framework in Frameworks */,
			);
			runOnlyForDeploymentPostprocessing = 0;
		};
		55DF58C929C0DFE3005AB19D /* Frameworks */ = {
			isa = PBXFrameworksBuildPhase;
			buildActionMask = 2147483647;
			files = (
			);
			runOnlyForDeploymentPostprocessing = 0;
		};
/* End PBXFrameworksBuildPhase section */

/* Begin PBXGroup section */
		5531F90A29C0F2D5004B1204 /* Types */ = {
			isa = PBXGroup;
			children = (
				5531F91A29C0F318004B1204 /* AttributeInfo.swift */,
				5531F91C29C0F318004B1204 /* Boxed.swift */,
				5531F92129C0F318004B1204 /* BoxedValueTransformer.swift */,
				5531F91929C0F318004B1204 /* ClassInfo.swift */,
				5531F92729C0F318004B1204 /* ClassTree.swift */,
				5531F91529C0F318004B1204 /* DataStore.swift */,
				5531F92229C0F318004B1204 /* Diffable.swift */,
				5531F91629C0F318004B1204 /* Entity.swift */,
				5531F92829C0F318004B1204 /* EntityInfo.swift */,
				5531F92029C0F318004B1204 /* EntityIngestMethod.swift */,
				5531F91729C0F318004B1204 /* Exception.swift */,
				5531F92429C0F318004B1204 /* FetchedPropertyInfo.swift */,
				5531F91129C0F318004B1204 /* IngestFormat.swift */,
				5531F91D29C0F318004B1204 /* Ingestible.swift */,
				5531F92629C0F318004B1204 /* IngestKey.swift */,
				5531F91229C0F318004B1204 /* IngestMethod.swift */,
				5531F92329C0F318004B1204 /* IngestObject.swift */,
				5531F90D29C0F318004B1204 /* IngestSource.swift */,
				5531F92929C0F319004B1204 /* ManagedPropertyWrapper.swift */,
				5531F91329C0F318004B1204 /* MaybeExpressibleByStringLiteral.swift */,
				5531F91029C0F318004B1204 /* Migration.swift */,
				5531F91E29C0F318004B1204 /* Nullable.swift */,
				5531F92A29C0F319004B1204 /* PropertyInfo.swift */,
				5531F90F29C0F318004B1204 /* RelationshipInfo.swift */,
				5531F91829C0F318004B1204 /* Schema.swift */,
				5531F92B29C0F319004B1204 /* Storable.swift */,
				5531F91B29C0F318004B1204 /* StorableAsData.swift */,
				5531F91F29C0F318004B1204 /* StorageType.swift */,
			);
			path = Types;
			sourceTree = "<group>";
		};
		5531F90B29C0F2DD004B1204 /* Utilities */ = {
			isa = PBXGroup;
			children = (
				5531F94E29C0F324004B1204 /* Bundle-ext.swift */,
				5531F95029C0F324004B1204 /* ClosedRange-ext.swift */,
				5531F94C29C0F324004B1204 /* Dictionary-ext.swift */,
				5531F95129C0F324004B1204 /* JSONSerialization-ext.swift */,
				5531F95529C0F324004B1204 /* NSDeleteRule-ext.swift */,
				5531F94D29C0F324004B1204 /* NSManagedObject-ext.swift */,
				5531F95729C0F324004B1204 /* NSManagedObjectContext-ext.swift */,
				5531F94F29C0F324004B1204 /* NSManagedObjectModel-ext.swift */,
				5531F95229C0F324004B1204 /* NSRelationshipDescription-ext.swift */,
				5531F95329C0F324004B1204 /* NSValueTransformerName-ext.swift */,
				5531F95429C0F324004B1204 /* String-ext.swift */,
				5531F95629C0F324004B1204 /* utilities.swift */,
			);
			path = Utilities;
			sourceTree = "<group>";
		};
		5531F96529C0F570004B1204 /* Obsolete */ = {
			isa = PBXGroup;
			children = (
				5531F91429C0F318004B1204 /* Attribute.swift */,
				5531F90E29C0F318004B1204 /* FetchedProperty.swift */,
				5531F92529C0F318004B1204 /* OptionalAttribute.swift */,
				5531F90C29C0F318004B1204 /* Relationship.swift */,
			);
			path = Obsolete;
			sourceTree = "<group>";
		};
		5531F98229C0F84E004B1204 /* Macros */ = {
			isa = PBXGroup;
			children = (
				5531F98329C0F866004B1204 /* definitions.swift */,
			);
			path = Macros;
			sourceTree = "<group>";
		};
		55DF589629C0DD5B005AB19D = {
			isa = PBXGroup;
			children = (
				55DF58A229C0DD5B005AB19D /* Storable */,
				55DF58CC29C0DFE3005AB19D /* StorableMacros */,
				55DF58AE29C0DD5B005AB19D /* StorableTests */,
				55DF58A129C0DD5B005AB19D /* Products */,
				55F42F7029C0E29B00AB5EBC /* Frameworks */,
			);
			sourceTree = "<group>";
		};
		55DF58A129C0DD5B005AB19D /* Products */ = {
			isa = PBXGroup;
			children = (
				55DF58A029C0DD5B005AB19D /* Storable.framework */,
				55DF58AA29C0DD5B005AB19D /* StorableTests.xctest */,
				55DF58CB29C0DFE3005AB19D /* libStorableMacros.dylib */,
			);
			name = Products;
			sourceTree = "<group>";
		};
		55DF58A229C0DD5B005AB19D /* Storable */ = {
			isa = PBXGroup;
			children = (
				5531F98229C0F84E004B1204 /* Macros */,
				5531F96529C0F570004B1204 /* Obsolete */,
				5531F90A29C0F2D5004B1204 /* Types */,
				5531F90B29C0F2DD004B1204 /* Utilities */,
			);
			path = Storable;
			sourceTree = "<group>";
		};
		55DF58AE29C0DD5B005AB19D /* StorableTests */ = {
			isa = PBXGroup;
			children = (
				5531F98029C0F7D5004B1204 /* BasicTest.swift */,
				5531F96929C0F5CF004B1204 /* AttributeTests.swift */,
				5531F96629C0F5CF004B1204 /* CodableTests.swift */,
				5531F96A29C0F5CF004B1204 /* CoreDataTests.swift */,
				5531F96D29C0F5CF004B1204 /* DiffableTests.swift */,
				5531F96829C0F5CF004B1204 /* FetchedTests.swift */,
				5531F97029C0F5CF004B1204 /* IngestionTests.swift */,
				5531F96E29C0F5CF004B1204 /* InheritanceTests.swift */,
				5531F96729C0F5CF004B1204 /* MigrationTests.swift */,
				5531F96B29C0F5CF004B1204 /* ModelDifferenceTests.swift */,
				5531F97129C0F5CF004B1204 /* ModelIdentityTests.swift */,
				5531F96F29C0F5CF004B1204 /* RelationshipTests.swift */,
				5531F96C29C0F5CF004B1204 /* Utilities */,
			);
			path = StorableTests;
			sourceTree = "<group>";
		};
		55DF58CC29C0DFE3005AB19D /* StorableMacros */ = {
			isa = PBXGroup;
			children = (
				55DF58D829C0E04A005AB19D /* AttributeMacro.swift */,
				55DF58D629C0E041005AB19D /* EntityMacro.swift */,
				55DF58D429C0E02C005AB19D /* StoredPropertyInfo.swift */,
			);
			path = StorableMacros;
			sourceTree = "<group>";
		};
		55F42F7029C0E29B00AB5EBC /* Frameworks */ = {
			isa = PBXGroup;
			children = (
			);
			name = Frameworks;
			sourceTree = "<group>";
		};
/* End PBXGroup section */

/* Begin PBXHeadersBuildPhase section */
		55DF589B29C0DD5B005AB19D /* Headers */ = {
			isa = PBXHeadersBuildPhase;
			buildActionMask = 2147483647;
			files = (
			);
			runOnlyForDeploymentPostprocessing = 0;
		};
		55DF58C729C0DFE3005AB19D /* Headers */ = {
			isa = PBXHeadersBuildPhase;
			buildActionMask = 2147483647;
			files = (
			);
			runOnlyForDeploymentPostprocessing = 0;
		};
/* End PBXHeadersBuildPhase section */

/* Begin PBXNativeTarget section */
		55DF589F29C0DD5B005AB19D /* Storable */ = {
			isa = PBXNativeTarget;
			buildConfigurationList = 55DF58B429C0DD5B005AB19D /* Build configuration list for PBXNativeTarget "Storable" */;
			buildPhases = (
				55DF589B29C0DD5B005AB19D /* Headers */,
				55DF589C29C0DD5B005AB19D /* Sources */,
				55DF589D29C0DD5B005AB19D /* Frameworks */,
				55DF589E29C0DD5B005AB19D /* Resources */,
				55F42F7529C0E29B00AB5EBC /* Embed Libraries */,
			);
			buildRules = (
			);
			dependencies = (
				55F42F6F29C0E28C00AB5EBC /* PBXTargetDependency */,
				55F42F7429C0E29B00AB5EBC /* PBXTargetDependency */,
			);
			name = Storable;
			productName = Storable;
			productReference = 55DF58A029C0DD5B005AB19D /* Storable.framework */;
			productType = "com.apple.product-type.framework";
		};
		55DF58A929C0DD5B005AB19D /* StorableTests */ = {
			isa = PBXNativeTarget;
			buildConfigurationList = 55DF58B729C0DD5B005AB19D /* Build configuration list for PBXNativeTarget "StorableTests" */;
			buildPhases = (
				55DF58A629C0DD5B005AB19D /* Sources */,
				55DF58A729C0DD5B005AB19D /* Frameworks */,
				55DF58A829C0DD5B005AB19D /* Resources */,
			);
			buildRules = (
			);
			dependencies = (
				55DF58AD29C0DD5B005AB19D /* PBXTargetDependency */,
			);
			name = StorableTests;
			productName = StorableTests;
			productReference = 55DF58AA29C0DD5B005AB19D /* StorableTests.xctest */;
			productType = "com.apple.product-type.bundle.unit-test";
		};
		55DF58CA29C0DFE3005AB19D /* StorableMacros */ = {
			isa = PBXNativeTarget;
			buildConfigurationList = 55DF58D129C0DFE3005AB19D /* Build configuration list for PBXNativeTarget "StorableMacros" */;
			buildPhases = (
				55DF58C729C0DFE3005AB19D /* Headers */,
				55DF58C829C0DFE3005AB19D /* Sources */,
				55DF58C929C0DFE3005AB19D /* Frameworks */,
			);
			buildRules = (
			);
			dependencies = (
			);
			name = StorableMacros;
			productName = StorableMacros;
			productReference = 55DF58CB29C0DFE3005AB19D /* libStorableMacros.dylib */;
			productType = "com.apple.product-type.library.dynamic";
		};
/* End PBXNativeTarget section */

/* Begin PBXProject section */
		55DF589729C0DD5B005AB19D /* Project object */ = {
			isa = PBXProject;
			attributes = {
				BuildIndependentTargetsInParallel = 1;
				LastSwiftUpdateCheck = 1420;
				LastUpgradeCheck = 1420;
				TargetAttributes = {
					55DF589F29C0DD5B005AB19D = {
						CreatedOnToolsVersion = 14.2;
						LastSwiftMigration = 1420;
					};
					55DF58A929C0DD5B005AB19D = {
						CreatedOnToolsVersion = 14.2;
						LastSwiftMigration = 1420;
					};
					55DF58CA29C0DFE3005AB19D = {
						CreatedOnToolsVersion = 14.2;
						LastSwiftMigration = 1420;
					};
				};
			};
			buildConfigurationList = 55DF589A29C0DD5B005AB19D /* Build configuration list for PBXProject "Storable" */;
			compatibilityVersion = "Xcode 14.0";
			developmentRegion = en;
			hasScannedForEncodings = 0;
			knownRegions = (
				en,
				Base,
			);
			mainGroup = 55DF589629C0DD5B005AB19D;
			productRefGroup = 55DF58A129C0DD5B005AB19D /* Products */;
			projectDirPath = "";
			projectRoot = "";
			targets = (
				55DF589F29C0DD5B005AB19D /* Storable */,
				55DF58CA29C0DFE3005AB19D /* StorableMacros */,
				55DF58A929C0DD5B005AB19D /* StorableTests */,
			);
		};
/* End PBXProject section */

/* Begin PBXResourcesBuildPhase section */
		55DF589E29C0DD5B005AB19D /* Resources */ = {
			isa = PBXResourcesBuildPhase;
			buildActionMask = 2147483647;
			files = (
			);
			runOnlyForDeploymentPostprocessing = 0;
		};
		55DF58A829C0DD5B005AB19D /* Resources */ = {
			isa = PBXResourcesBuildPhase;
			buildActionMask = 2147483647;
			files = (
				5531F97829C0F5CF004B1204 /* Utilities in Resources */,
			);
			runOnlyForDeploymentPostprocessing = 0;
		};
/* End PBXResourcesBuildPhase section */

/* Begin PBXSourcesBuildPhase section */
		55DF589C29C0DD5B005AB19D /* Sources */ = {
			isa = PBXSourcesBuildPhase;
			buildActionMask = 2147483647;
			files = (
				5531F93029C0F319004B1204 /* Migration.swift in Sources */,
				5531F95829C0F324004B1204 /* Dictionary-ext.swift in Sources */,
				5531F96329C0F324004B1204 /* NSManagedObjectContext-ext.swift in Sources */,
				5531F93229C0F319004B1204 /* IngestMethod.swift in Sources */,
				5531F94629C0F319004B1204 /* IngestKey.swift in Sources */,
				5531F94729C0F319004B1204 /* ClassTree.swift in Sources */,
				5531F95F29C0F324004B1204 /* NSValueTransformerName-ext.swift in Sources */,
				5531F94B29C0F319004B1204 /* Storable.swift in Sources */,
				5531F94829C0F319004B1204 /* EntityInfo.swift in Sources */,
				5531F95A29C0F324004B1204 /* Bundle-ext.swift in Sources */,
				5531F93529C0F319004B1204 /* DataStore.swift in Sources */,
				5531F94429C0F319004B1204 /* FetchedPropertyInfo.swift in Sources */,
				5531F93329C0F319004B1204 /* MaybeExpressibleByStringLiteral.swift in Sources */,
				5531F95B29C0F324004B1204 /* NSManagedObjectModel-ext.swift in Sources */,
				5531F96229C0F324004B1204 /* utilities.swift in Sources */,
				5531F93129C0F319004B1204 /* IngestFormat.swift in Sources */,
				5531F93829C0F319004B1204 /* Schema.swift in Sources */,
				5531F96129C0F324004B1204 /* NSDeleteRule-ext.swift in Sources */,
				5531F94A29C0F319004B1204 /* PropertyInfo.swift in Sources */,
				5531F94229C0F319004B1204 /* Diffable.swift in Sources */,
				5531F94129C0F319004B1204 /* BoxedValueTransformer.swift in Sources */,
				5531F95D29C0F324004B1204 /* JSONSerialization-ext.swift in Sources */,
				5531F94029C0F319004B1204 /* EntityIngestMethod.swift in Sources */,
				5531F95929C0F324004B1204 /* NSManagedObject-ext.swift in Sources */,
				5531F93929C0F319004B1204 /* ClassInfo.swift in Sources */,
				5531F98429C0F866004B1204 /* definitions.swift in Sources */,
				5531F93C29C0F319004B1204 /* Boxed.swift in Sources */,
				5531F95C29C0F324004B1204 /* ClosedRange-ext.swift in Sources */,
				5531F93B29C0F319004B1204 /* StorableAsData.swift in Sources */,
				5531F94329C0F319004B1204 /* IngestObject.swift in Sources */,
				5531F93629C0F319004B1204 /* Entity.swift in Sources */,
				5531F92D29C0F319004B1204 /* IngestSource.swift in Sources */,
				5531F93D29C0F319004B1204 /* Ingestible.swift in Sources */,
				5531F93E29C0F319004B1204 /* Nullable.swift in Sources */,
				5531F96029C0F324004B1204 /* String-ext.swift in Sources */,
				5531F94929C0F319004B1204 /* ManagedPropertyWrapper.swift in Sources */,
				5531F95E29C0F324004B1204 /* NSRelationshipDescription-ext.swift in Sources */,
				5531F93F29C0F319004B1204 /* StorageType.swift in Sources */,
				5531F93A29C0F319004B1204 /* AttributeInfo.swift in Sources */,
				5531F93729C0F319004B1204 /* Exception.swift in Sources */,
				5531F92F29C0F319004B1204 /* RelationshipInfo.swift in Sources */,
			);
			runOnlyForDeploymentPostprocessing = 0;
		};
		55DF58A629C0DD5B005AB19D /* Sources */ = {
			isa = PBXSourcesBuildPhase;
			buildActionMask = 2147483647;
			files = (
				5531F98129C0F7D5004B1204 /* BasicTest.swift in Sources */,
			);
			runOnlyForDeploymentPostprocessing = 0;
		};
		55DF58C829C0DFE3005AB19D /* Sources */ = {
			isa = PBXSourcesBuildPhase;
			buildActionMask = 2147483647;
			files = (
				55DF58D529C0E02C005AB19D /* StoredPropertyInfo.swift in Sources */,
				55DF58D729C0E041005AB19D /* EntityMacro.swift in Sources */,
				55DF58D929C0E04A005AB19D /* AttributeMacro.swift in Sources */,
			);
			runOnlyForDeploymentPostprocessing = 0;
		};
/* End PBXSourcesBuildPhase section */

/* Begin PBXTargetDependency section */
		55DF58AD29C0DD5B005AB19D /* PBXTargetDependency */ = {
			isa = PBXTargetDependency;
			target = 55DF589F29C0DD5B005AB19D /* Storable */;
			targetProxy = 55DF58AC29C0DD5B005AB19D /* PBXContainerItemProxy */;
		};
		55F42F6F29C0E28C00AB5EBC /* PBXTargetDependency */ = {
			isa = PBXTargetDependency;
			target = 55DF58CA29C0DFE3005AB19D /* StorableMacros */;
			targetProxy = 55F42F6E29C0E28C00AB5EBC /* PBXContainerItemProxy */;
		};
		55F42F7429C0E29B00AB5EBC /* PBXTargetDependency */ = {
			isa = PBXTargetDependency;
			target = 55DF58CA29C0DFE3005AB19D /* StorableMacros */;
			targetProxy = 55F42F7329C0E29B00AB5EBC /* PBXContainerItemProxy */;
		};
/* End PBXTargetDependency section */

/* Begin XCBuildConfiguration section */
		55DF58B229C0DD5B005AB19D /* Debug */ = {
			isa = XCBuildConfiguration;
			buildSettings = {
				ALWAYS_SEARCH_USER_PATHS = NO;
				CLANG_ANALYZER_NONNULL = YES;
				CLANG_ANALYZER_NUMBER_OBJECT_CONVERSION = YES_AGGRESSIVE;
				CLANG_CXX_LANGUAGE_STANDARD = "gnu++20";
				CLANG_ENABLE_MODULES = YES;
				CLANG_ENABLE_OBJC_ARC = YES;
				CLANG_ENABLE_OBJC_WEAK = YES;
				CLANG_WARN_BLOCK_CAPTURE_AUTORELEASING = YES;
				CLANG_WARN_BOOL_CONVERSION = YES;
				CLANG_WARN_COMMA = YES;
				CLANG_WARN_CONSTANT_CONVERSION = YES;
				CLANG_WARN_DEPRECATED_OBJC_IMPLEMENTATIONS = YES;
				CLANG_WARN_DIRECT_OBJC_ISA_USAGE = YES_ERROR;
				CLANG_WARN_DOCUMENTATION_COMMENTS = YES;
				CLANG_WARN_EMPTY_BODY = YES;
				CLANG_WARN_ENUM_CONVERSION = YES;
				CLANG_WARN_INFINITE_RECURSION = YES;
				CLANG_WARN_INT_CONVERSION = YES;
				CLANG_WARN_NON_LITERAL_NULL_CONVERSION = YES;
				CLANG_WARN_OBJC_IMPLICIT_RETAIN_SELF = YES;
				CLANG_WARN_OBJC_LITERAL_CONVERSION = YES;
				CLANG_WARN_OBJC_ROOT_CLASS = YES_ERROR;
				CLANG_WARN_QUOTED_INCLUDE_IN_FRAMEWORK_HEADER = YES;
				CLANG_WARN_RANGE_LOOP_ANALYSIS = YES;
				CLANG_WARN_STRICT_PROTOTYPES = YES;
				CLANG_WARN_SUSPICIOUS_MOVE = YES;
				CLANG_WARN_UNGUARDED_AVAILABILITY = YES_AGGRESSIVE;
				CLANG_WARN_UNREACHABLE_CODE = YES;
				CLANG_WARN__DUPLICATE_METHOD_MATCH = YES;
				COPY_PHASE_STRIP = NO;
				CURRENT_PROJECT_VERSION = 1;
				DEBUG_INFORMATION_FORMAT = dwarf;
				ENABLE_STRICT_OBJC_MSGSEND = YES;
				ENABLE_TESTABILITY = YES;
				GCC_C_LANGUAGE_STANDARD = gnu11;
				GCC_DYNAMIC_NO_PIC = NO;
				GCC_NO_COMMON_BLOCKS = YES;
				GCC_OPTIMIZATION_LEVEL = 0;
				GCC_PREPROCESSOR_DEFINITIONS = (
					"DEBUG=1",
					"$(inherited)",
				);
				GCC_WARN_64_TO_32_BIT_CONVERSION = YES;
				GCC_WARN_ABOUT_RETURN_TYPE = YES_ERROR;
				GCC_WARN_UNDECLARED_SELECTOR = YES;
				GCC_WARN_UNINITIALIZED_AUTOS = YES_AGGRESSIVE;
				GCC_WARN_UNUSED_FUNCTION = YES;
				GCC_WARN_UNUSED_VARIABLE = YES;
				LD_RUNPATH_SEARCH_PATHS = "$(TOOLCHAIN_DIR)/usr/lib/swift/host";
				LIBRARY_SEARCH_PATHS = "$(TOOLCHAIN_DIR)/usr/lib/swift/host";
				MACOSX_DEPLOYMENT_TARGET = 13.1;
				MTL_ENABLE_DEBUG_INFO = INCLUDE_SOURCE;
				MTL_FAST_MATH = YES;
				ONLY_ACTIVE_ARCH = YES;
				SDKROOT = macosx;
				SWIFT_ACTIVE_COMPILATION_CONDITIONS = DEBUG;
				SWIFT_INCLUDE_PATHS = "$(TOOLCHAIN_DIR)/usr/lib/swift/host";
				SWIFT_OPTIMIZATION_LEVEL = "-Onone";
				VERSIONING_SYSTEM = "apple-generic";
				VERSION_INFO_PREFIX = "";
			};
			name = Debug;
		};
		55DF58B329C0DD5B005AB19D /* Release */ = {
			isa = XCBuildConfiguration;
			buildSettings = {
				ALWAYS_SEARCH_USER_PATHS = NO;
				CLANG_ANALYZER_NONNULL = YES;
				CLANG_ANALYZER_NUMBER_OBJECT_CONVERSION = YES_AGGRESSIVE;
				CLANG_CXX_LANGUAGE_STANDARD = "gnu++20";
				CLANG_ENABLE_MODULES = YES;
				CLANG_ENABLE_OBJC_ARC = YES;
				CLANG_ENABLE_OBJC_WEAK = YES;
				CLANG_WARN_BLOCK_CAPTURE_AUTORELEASING = YES;
				CLANG_WARN_BOOL_CONVERSION = YES;
				CLANG_WARN_COMMA = YES;
				CLANG_WARN_CONSTANT_CONVERSION = YES;
				CLANG_WARN_DEPRECATED_OBJC_IMPLEMENTATIONS = YES;
				CLANG_WARN_DIRECT_OBJC_ISA_USAGE = YES_ERROR;
				CLANG_WARN_DOCUMENTATION_COMMENTS = YES;
				CLANG_WARN_EMPTY_BODY = YES;
				CLANG_WARN_ENUM_CONVERSION = YES;
				CLANG_WARN_INFINITE_RECURSION = YES;
				CLANG_WARN_INT_CONVERSION = YES;
				CLANG_WARN_NON_LITERAL_NULL_CONVERSION = YES;
				CLANG_WARN_OBJC_IMPLICIT_RETAIN_SELF = YES;
				CLANG_WARN_OBJC_LITERAL_CONVERSION = YES;
				CLANG_WARN_OBJC_ROOT_CLASS = YES_ERROR;
				CLANG_WARN_QUOTED_INCLUDE_IN_FRAMEWORK_HEADER = YES;
				CLANG_WARN_RANGE_LOOP_ANALYSIS = YES;
				CLANG_WARN_STRICT_PROTOTYPES = YES;
				CLANG_WARN_SUSPICIOUS_MOVE = YES;
				CLANG_WARN_UNGUARDED_AVAILABILITY = YES_AGGRESSIVE;
				CLANG_WARN_UNREACHABLE_CODE = YES;
				CLANG_WARN__DUPLICATE_METHOD_MATCH = YES;
				COPY_PHASE_STRIP = NO;
				CURRENT_PROJECT_VERSION = 1;
				DEBUG_INFORMATION_FORMAT = "dwarf-with-dsym";
				ENABLE_NS_ASSERTIONS = NO;
				ENABLE_STRICT_OBJC_MSGSEND = YES;
				GCC_C_LANGUAGE_STANDARD = gnu11;
				GCC_NO_COMMON_BLOCKS = YES;
				GCC_WARN_64_TO_32_BIT_CONVERSION = YES;
				GCC_WARN_ABOUT_RETURN_TYPE = YES_ERROR;
				GCC_WARN_UNDECLARED_SELECTOR = YES;
				GCC_WARN_UNINITIALIZED_AUTOS = YES_AGGRESSIVE;
				GCC_WARN_UNUSED_FUNCTION = YES;
				GCC_WARN_UNUSED_VARIABLE = YES;
				LD_RUNPATH_SEARCH_PATHS = "$(TOOLCHAIN_DIR)/usr/lib/swift/host";
				LIBRARY_SEARCH_PATHS = "$(TOOLCHAIN_DIR)/usr/lib/swift/host";
				MACOSX_DEPLOYMENT_TARGET = 13.1;
				MTL_ENABLE_DEBUG_INFO = NO;
				MTL_FAST_MATH = YES;
				SDKROOT = macosx;
				SWIFT_COMPILATION_MODE = wholemodule;
				SWIFT_INCLUDE_PATHS = "$(TOOLCHAIN_DIR)/usr/lib/swift/host";
				SWIFT_OPTIMIZATION_LEVEL = "-O";
				VERSIONING_SYSTEM = "apple-generic";
				VERSION_INFO_PREFIX = "";
			};
			name = Release;
		};
		55DF58B529C0DD5B005AB19D /* Debug */ = {
			isa = XCBuildConfiguration;
			buildSettings = {
				CLANG_ENABLE_MODULES = YES;
				CODE_SIGN_STYLE = Automatic;
				COMBINE_HIDPI_IMAGES = YES;
				CURRENT_PROJECT_VERSION = 1;
				DEFINES_MODULE = YES;
				DEVELOPMENT_TEAM = FH6VJP4VHD;
				DYLIB_COMPATIBILITY_VERSION = 1;
				DYLIB_CURRENT_VERSION = 1;
				DYLIB_INSTALL_NAME_BASE = "@rpath";
				GENERATE_INFOPLIST_FILE = YES;
				INFOPLIST_KEY_NSHumanReadableCopyright = "";
				INSTALL_PATH = "$(LOCAL_LIBRARY_DIR)/Frameworks";
				LD_RUNPATH_SEARCH_PATHS = (
					"$(inherited)",
					"@executable_path/../Frameworks",
					"@loader_path/Frameworks",
				);
				MARKETING_VERSION = 1.0;
				PRODUCT_BUNDLE_IDENTIFIER = xyz.lambdasoftware.Storable;
				PRODUCT_NAME = "$(TARGET_NAME:c99extidentifier)";
				SKIP_INSTALL = YES;
				SWIFT_EMIT_LOC_STRINGS = YES;
				SWIFT_OPTIMIZATION_LEVEL = "-Onone";
				SWIFT_VERSION = 5.0;
			};
			name = Debug;
		};
		55DF58B629C0DD5B005AB19D /* Release */ = {
			isa = XCBuildConfiguration;
			buildSettings = {
				CLANG_ENABLE_MODULES = YES;
				CODE_SIGN_STYLE = Automatic;
				COMBINE_HIDPI_IMAGES = YES;
				CURRENT_PROJECT_VERSION = 1;
				DEFINES_MODULE = YES;
				DEVELOPMENT_TEAM = FH6VJP4VHD;
				DYLIB_COMPATIBILITY_VERSION = 1;
				DYLIB_CURRENT_VERSION = 1;
				DYLIB_INSTALL_NAME_BASE = "@rpath";
				GENERATE_INFOPLIST_FILE = YES;
				INFOPLIST_KEY_NSHumanReadableCopyright = "";
				INSTALL_PATH = "$(LOCAL_LIBRARY_DIR)/Frameworks";
				LD_RUNPATH_SEARCH_PATHS = (
					"$(inherited)",
					"@executable_path/../Frameworks",
					"@loader_path/Frameworks",
				);
				MARKETING_VERSION = 1.0;
				PRODUCT_BUNDLE_IDENTIFIER = xyz.lambdasoftware.Storable;
				PRODUCT_NAME = "$(TARGET_NAME:c99extidentifier)";
				SKIP_INSTALL = YES;
				SWIFT_EMIT_LOC_STRINGS = YES;
				SWIFT_VERSION = 5.0;
			};
			name = Release;
		};
		55DF58B829C0DD5B005AB19D /* Debug */ = {
			isa = XCBuildConfiguration;
			buildSettings = {
				ALWAYS_EMBED_SWIFT_STANDARD_LIBRARIES = YES;
				CLANG_ENABLE_MODULES = YES;
				CODE_SIGN_STYLE = Automatic;
				CURRENT_PROJECT_VERSION = 1;
				DEVELOPMENT_TEAM = FH6VJP4VHD;
				GENERATE_INFOPLIST_FILE = YES;
				LD_RUNPATH_SEARCH_PATHS = (
					"$(inherited)",
					"@executable_path/../Frameworks",
					"@loader_path/../Frameworks",
				);
				MARKETING_VERSION = 1.0;
				OTHER_SWIFT_FLAGS = "-Xfrontend -enable-experimental-feature -Xfrontend Macros -Xfrontend -load-plugin-library -Xfrontend ${BUILD_DIR}/${CONFIGURATION}/libStorableMacros.dylib -Xfrontend -dump-macro-expansions";
				PRODUCT_BUNDLE_IDENTIFIER = xyz.lambdasoftware.StorableTests;
				PRODUCT_NAME = "$(TARGET_NAME)";
				SWIFT_EMIT_LOC_STRINGS = NO;
				SWIFT_OPTIMIZATION_LEVEL = "-Onone";
				SWIFT_VERSION = 5.0;
			};
			name = Debug;
		};
		55DF58B929C0DD5B005AB19D /* Release */ = {
			isa = XCBuildConfiguration;
			buildSettings = {
				ALWAYS_EMBED_SWIFT_STANDARD_LIBRARIES = YES;
				CLANG_ENABLE_MODULES = YES;
				CODE_SIGN_STYLE = Automatic;
				CURRENT_PROJECT_VERSION = 1;
				DEVELOPMENT_TEAM = FH6VJP4VHD;
				GENERATE_INFOPLIST_FILE = YES;
				LD_RUNPATH_SEARCH_PATHS = (
					"$(inherited)",
					"@executable_path/../Frameworks",
					"@loader_path/../Frameworks",
				);
				MARKETING_VERSION = 1.0;
				OTHER_SWIFT_FLAGS = "-Xfrontend -enable-experimental-feature -Xfrontend Macros -Xfrontend -load-plugin-library -Xfrontend ${BUILD_DIR}/${CONFIGURATION}/libStorableMacros.dylib -Xfrontend -dump-macro-expansions";
				PRODUCT_BUNDLE_IDENTIFIER = xyz.lambdasoftware.StorableTests;
				PRODUCT_NAME = "$(TARGET_NAME)";
				SWIFT_EMIT_LOC_STRINGS = NO;
				SWIFT_VERSION = 5.0;
			};
			name = Release;
		};
		55DF58D229C0DFE3005AB19D /* Debug */ = {
			isa = XCBuildConfiguration;
			buildSettings = {
				CLANG_ENABLE_MODULES = YES;
				CODE_SIGN_STYLE = Automatic;
				DEVELOPMENT_TEAM = FH6VJP4VHD;
				DYLIB_COMPATIBILITY_VERSION = 1;
				DYLIB_CURRENT_VERSION = 1;
				EXECUTABLE_PREFIX = lib;
				PRODUCT_NAME = "$(TARGET_NAME)";
				SKIP_INSTALL = YES;
				SWIFT_OPTIMIZATION_LEVEL = "-Onone";
				SWIFT_VERSION = 5.0;
			};
			name = Debug;
		};
		55DF58D329C0DFE3005AB19D /* Release */ = {
			isa = XCBuildConfiguration;
			buildSettings = {
				CLANG_ENABLE_MODULES = YES;
				CODE_SIGN_STYLE = Automatic;
				DEVELOPMENT_TEAM = FH6VJP4VHD;
				DYLIB_COMPATIBILITY_VERSION = 1;
				DYLIB_CURRENT_VERSION = 1;
				EXECUTABLE_PREFIX = lib;
				PRODUCT_NAME = "$(TARGET_NAME)";
				SKIP_INSTALL = YES;
				SWIFT_VERSION = 5.0;
			};
			name = Release;
		};
/* End XCBuildConfiguration section */

/* Begin XCConfigurationList section */
		55DF589A29C0DD5B005AB19D /* Build configuration list for PBXProject "Storable" */ = {
			isa = XCConfigurationList;
			buildConfigurations = (
				55DF58B229C0DD5B005AB19D /* Debug */,
				55DF58B329C0DD5B005AB19D /* Release */,
			);
			defaultConfigurationIsVisible = 0;
			defaultConfigurationName = Release;
		};
		55DF58B429C0DD5B005AB19D /* Build configuration list for PBXNativeTarget "Storable" */ = {
			isa = XCConfigurationList;
			buildConfigurations = (
				55DF58B529C0DD5B005AB19D /* Debug */,
				55DF58B629C0DD5B005AB19D /* Release */,
			);
			defaultConfigurationIsVisible = 0;
			defaultConfigurationName = Release;
		};
		55DF58B729C0DD5B005AB19D /* Build configuration list for PBXNativeTarget "StorableTests" */ = {
			isa = XCConfigurationList;
			buildConfigurations = (
				55DF58B829C0DD5B005AB19D /* Debug */,
				55DF58B929C0DD5B005AB19D /* Release */,
			);
			defaultConfigurationIsVisible = 0;
			defaultConfigurationName = Release;
		};
		55DF58D129C0DFE3005AB19D /* Build configuration list for PBXNativeTarget "StorableMacros" */ = {
			isa = XCConfigurationList;
			buildConfigurations = (
				55DF58D229C0DFE3005AB19D /* Debug */,
				55DF58D329C0DFE3005AB19D /* Release */,
			);
			defaultConfigurationIsVisible = 0;
			defaultConfigurationName = Release;
		};
/* End XCConfigurationList section */
	};
	rootObject = 55DF589729C0DD5B005AB19D /* Project object */;
}
